# This file was autogenerated by Stack.
# You should not edit this file by hand.
# For more information, please see the documentation at:
#   https://docs.haskellstack.org/en/stable/lock_files

packages:
- completed:
    hackage: keep-alive-0.2.1.0@sha256:77c18d13c096932f5ecc350468f277540b0bd804f4a770a45080149599d8a05c,1524
    pantry-tree:
      sha256: c29540be7eb84170c4079d5e21f16e2f79011bccd5db87eb194cd22db2586a1d
      size: 493
  original:
    hackage: keep-alive-0.2.1.0
snapshots:
- completed:
    sha256: 428ec8d5ce932190d3cbe266b9eb3c175cd81e984babf876b64019e2cbe4ea68
    size: 590100
    url: https://raw.githubusercontent.com/commercialhaskell/stackage-snapshots/master/lts/18/28.yaml
  original: lts-18.28
